
Microsoft Visual Studio Solution File, Format Version 12.00
# Visual Studio Version 16
VisualStudioVersion = 16.0.31624.102
MinimumVisualStudioVersion = 10.0.40219.1
Project("{8BC9CEB8-8B4A-11D0-8D11-00A0C91BC942}") = "WestWorldWithMessaging", "WestWorldWithMessaging.vcxproj", "{AA5B2F17-2B9F-4220-A9D6-A7C9243DE1D4}"
EndProject
Global
	GlobalSection(SolutionConfigurationPlatforms) = preSolution
		Debug|x86 = Debug|x86
		Release|x86 = Release|x86
	EndGlobalSection
	GlobalSection(ProjectConfigurationPlatforms) = postSolution
		{AA5B2F17-2B9F-4220-A9D6-A7C9243DE1D4}.Debug|x86.ActiveCfg = Debug|Win32
		{AA5B2F17-2B9F-4220-A9D6-A7C9243DE1D4}.Debug|x86.Build.0 = Debug|Win32
		{AA5B2F17-2B9F-4220-A9D6-A7C9243DE1D4}.Release|x86.ActiveCfg = Release|Win32
		{AA5B2F17-2B9F-4220-A9D6-A7C9243DE1D4}.Release|x86.Build.0 = Release|Win32
	EndGlobalSection
	GlobalSection(SolutionProperties) = preSolution
		HideSolutionNode = FALSE
	EndGlobalSection
	GlobalSection(ExtensibilityGlobals) = postSolution
		SolutionGuid = {9EABF413-A789-48E6-9BDA-F0B325FD543E}
	EndGlobalSection
EndGlobal
